// !$*UTF8*$!
{
	archiveVersion = 1;
	classes = {
	};
	objectVersion = 50;
	objects = {

/* Begin PBXBuildFile section */
		AEA206CE24A287E500E212FF /* AppDelegate.swift in Sources */ = {isa = PBXBuildFile; fileRef = AEA206CD24A287E500E212FF /* AppDelegate.swift */; };
		AEA206D024A287E500E212FF /* SceneDelegate.swift in Sources */ = {isa = PBXBuildFile; fileRef = AEA206CF24A287E500E212FF /* SceneDelegate.swift */; };
		AEA206D224A287E500E212FF /* ViewController.swift in Sources */ = {isa = PBXBuildFile; fileRef = AEA206D124A287E500E212FF /* ViewController.swift */; };
		AEA206D524A287E500E212FF /* Main.storyboard in Resources */ = {isa = PBXBuildFile; fileRef = AEA206D324A287E500E212FF /* Main.storyboard */; };
		AEA206D824A287E500E212FF /* TheMemoryProject.xcdatamodeld in Sources */ = {isa = PBXBuildFile; fileRef = AEA206D624A287E500E212FF /* TheMemoryProject.xcdatamodeld */; };
		AEA206DA24A287E800E212FF /* Assets.xcassets in Resources */ = {isa = PBXBuildFile; fileRef = AEA206D924A287E800E212FF /* Assets.xcassets */; };
		AEA206DD24A287E800E212FF /* LaunchScreen.storyboard in Resources */ = {isa = PBXBuildFile; fileRef = AEA206DB24A287E800E212FF /* LaunchScreen.storyboard */; };
/* End PBXBuildFile section */

/* Begin PBXFileReference section */
		AEA206CA24A287E500E212FF /* TheMemoryProject.app */ = {isa = PBXFileReference; explicitFileType = wrapper.application; includeInIndex = 0; path = TheMemoryProject.app; sourceTree = BUILT_PRODUCTS_DIR; };
		AEA206CD24A287E500E212FF /* AppDelegate.swift */ = {isa = PBXFileReference; lastKnownFileType = sourcecode.swift; path = AppDelegate.swift; sourceTree = "<group>"; };
		AEA206CF24A287E500E212FF /* SceneDelegate.swift */ = {isa = PBXFileReference; lastKnownFileType = sourcecode.swift; path = SceneDelegate.swift; sourceTree = "<group>"; };
		AEA206D124A287E500E212FF /* ViewController.swift */ = {isa = PBXFileReference; lastKnownFileType = sourcecode.swift; path = ViewController.swift; sourceTree = "<group>"; };
		AEA206D424A287E500E212FF /* Base */ = {isa = PBXFileReference; lastKnownFileType = file.storyboard; name = Base; path = Base.lproj/Main.storyboard; sourceTree = "<group>"; };
		AEA206D724A287E500E212FF /* TheMemoryProject.xcdatamodel */ = {isa = PBXFileReference; lastKnownFileType = wrapper.xcdatamodel; path = TheMemoryProject.xcdatamodel; sourceTree = "<group>"; };
		AEA206D924A287E800E212FF /* Assets.xcassets */ = {isa = PBXFileReference; lastKnownFileType = folder.assetcatalog; path = Assets.xcassets; sourceTree = "<group>"; };
		AEA206DC24A287E800E212FF /* Base */ = {isa = PBXFileReference; lastKnownFileType = file.storyboard; name = Base; path = Base.lproj/LaunchScreen.storyboard; sourceTree = "<group>"; };
		AEA206DE24A287E800E212FF /* Info.plist */ = {isa = PBXFileReference; lastKnownFileType = text.plist.xml; path = Info.plist; sourceTree = "<group>"; };
/* End PBXFileReference section */

/* Begin PBXFrameworksBuildPhase section */
		AEA206C724A287E500E212FF /* Frameworks */ = {
			isa = PBXFrameworksBuildPhase;
			buildActionMask = 2147483647;
			files = (
			);
			runOnlyForDeploymentPostprocessing = 0;
		};
/* End PBXFrameworksBuildPhase section */

/* Begin PBXGroup section */
		AEA206C124A287E500E212FF = {
			isa = PBXGroup;
			children = (
				AEA206CC24A287E500E212FF /* TheMemoryProject */,
				AEA206CB24A287E500E212FF /* Products */,
			);
			sourceTree = "<group>";
		};
		AEA206CB24A287E500E212FF /* Products */ = {
			isa = PBXGroup;
			children = (
				AEA206CA24A287E500E212FF /* TheMemoryProject.app */,
			);
			name = Products;
			sourceTree = "<group>";
		};
		AEA206CC24A287E500E212FF /* TheMemoryProject */ = {
			isa = PBXGroup;
			children = (
				AEA206CD24A287E500E212FF /* AppDelegate.swift */,
				AEA206CF24A287E500E212FF /* SceneDelegate.swift */,
				AEA206D124A287E500E212FF /* ViewController.swift */,
				AEA206D324A287E500E212FF /* Main.storyboard */,
				AEA206D924A287E800E212FF /* Assets.xcassets */,
				AEA206DB24A287E800E212FF /* LaunchScreen.storyboard */,
				AEA206DE24A287E800E212FF /* Info.plist */,
				AEA206D624A287E500E212FF /* TheMemoryProject.xcdatamodeld */,
			);
			path = TheMemoryProject;
			sourceTree = "<group>";
		};
/* End PBXGroup section */

/* Begin PBXNativeTarget section */
		AEA206C924A287E500E212FF /* TheMemoryProject */ = {
			isa = PBXNativeTarget;
			buildConfigurationList = AEA206E124A287E800E212FF /* Build configuration list for PBXNativeTarget "TheMemoryProject" */;
			buildPhases = (
				AEA206C624A287E500E212FF /* Sources */,
				AEA206C724A287E500E212FF /* Frameworks */,
				AEA206C824A287E500E212FF /* Resources */,
			);
			buildRules = (
			);
			dependencies = (
			);
			name = TheMemoryProject;
			productName = TheMemoryProject;
			productReference = AEA206CA24A287E500E212FF /* TheMemoryProject.app */;
			productType = "com.apple.product-type.application";
		};
/* End PBXNativeTarget section */

/* Begin PBXProject section */
		AEA206C224A287E500E212FF /* Project object */ = {
			isa = PBXProject;
			attributes = {
				LastSwiftUpdateCheck = 1150;
				LastUpgradeCheck = 1150;
				ORGANIZATIONNAME = "Amy Dong";
				TargetAttributes = {
					AEA206C924A287E500E212FF = {
						CreatedOnToolsVersion = 11.5;
					};
				};
			};
			buildConfigurationList = AEA206C524A287E500E212FF /* Build configuration list for PBXProject "TheMemoryProject" */;
			compatibilityVersion = "Xcode 9.3";
			developmentRegion = en;
			hasScannedForEncodings = 0;
			knownRegions = (
				en,
				Base,
			);
			mainGroup = AEA206C124A287E500E212FF;
			productRefGroup = AEA206CB24A287E500E212FF /* Products */;
			projectDirPath = "";
			projectRoot = "";
			targets = (
				AEA206C924A287E500E212FF /* TheMemoryProject */,
			);
		};
/* End PBXProject section */

/* Begin PBXResourcesBuildPhase section */
		AEA206C824A287E500E212FF /* Resources */ = {
			isa = PBXResourcesBuildPhase;
			buildActionMask = 2147483647;
			files = (
				AEA206DD24A287E800E212FF /* LaunchScreen.storyboard in Resources */,
				AEA206DA24A287E800E212FF /* Assets.xcassets in Resources */,
				AEA206D524A287E500E212FF /* Main.storyboard in Resources */,
			);
			runOnlyForDeploymentPostprocessing = 0;
		};
/* End PBXResourcesBuildPhase section */

/* Begin PBXSourcesBuildPhase section */
		AEA206C624A287E500E212FF /* Sources */ = {
			isa = PBXSourcesBuildPhase;
			buildActionMask = 2147483647;
			files = (
				AEA206D224A287E500E212FF /* ViewController.swift in Sources */,
				AEA206CE24A287E500E212FF /* AppDelegate.swift in Sources */,
				AEA206D824A287E500E212FF /* TheMemoryProject.xcdatamodeld in Sources */,
				AEA206D024A287E500E212FF /* SceneDelegate.swift in Sources */,
			);
			runOnlyForDeploymentPostprocessing = 0;
		};
/* End PBXSourcesBuildPhase section */

/* Begin PBXVariantGroup section */
		AEA206D324A287E500E212FF /* Main.storyboard */ = {
			isa = PBXVariantGroup;
			children = (
				AEA206D424A287E500E212FF /* Base */,
			);
			name = Main.storyboard;
			sourceTree = "<group>";
		};
		AEA206DB24A287E800E212FF /* LaunchScreen.storyboard */ = {
			isa = PBXVariantGroup;
			children = (
				AEA206DC24A287E800E212FF /* Base */,
			);
			name = LaunchScreen.storyboard;
			sourceTree = "<group>";
		};
/* End PBXVariantGroup section */

/* Begin XCBuildConfiguration section */
		AEA206DF24A287E800E212FF /* Debug */ = {
			isa = XCBuildConfiguration;
			buildSettings = {
				ALWAYS_SEARCH_USER_PATHS = NO;
				CLANG_ANALYZER_NONNULL = YES;
				CLANG_ANALYZER_NUMBER_OBJECT_CONVERSION = YES_AGGRESSIVE;
				CLANG_CXX_LANGUAGE_STANDARD = "gnu++14";
				CLANG_CXX_LIBRARY = "libc++";
				CLANG_ENABLE_MODULES = YES;
				CLANG_ENABLE_OBJC_ARC = YES;
				CLANG_ENABLE_OBJC_WEAK = YES;
				CLANG_WARN_BLOCK_CAPTURE_AUTORELEASING = YES;
				CLANG_WARN_BOOL_CONVERSION = YES;
				CLANG_WARN_COMMA = YES;
				CLANG_WARN_CONSTANT_CONVERSION = YES;
				CLANG_WARN_DEPRECATED_OBJC_IMPLEMENTATIONS = YES;
				CLANG_WARN_DIRECT_OBJC_ISA_USAGE = YES_ERROR;
				CLANG_WARN_DOCUMENTATION_COMMENTS = YES;
				CLANG_WARN_EMPTY_BODY = YES;
				CLANG_WARN_ENUM_CONVERSION = YES;
				CLANG_WARN_INFINITE_RECURSION = YES;
				CLANG_WARN_INT_CONVERSION = YES;
				CLANG_WARN_NON_LITERAL_NULL_CONVERSION = YES;
				CLANG_WARN_OBJC_IMPLICIT_RETAIN_SELF = YES;
				CLANG_WARN_OBJC_LITERAL_CONVERSION = YES;
				CLANG_WARN_OBJC_ROOT_CLASS = YES_ERROR;
				CLANG_WARN_RANGE_LOOP_ANALYSIS = YES;
				CLANG_WARN_STRICT_PROTOTYPES = YES;
				CLANG_WARN_SUSPICIOUS_MOVE = YES;
				CLANG_WARN_UNGUARDED_AVAILABILITY = YES_AGGRESSIVE;
				CLANG_WARN_UNREACHABLE_CODE = YES;
				CLANG_WARN__DUPLICATE_METHOD_MATCH = YES;
				COPY_PHASE_STRIP = NO;
				DEBUG_INFORMATION_FORMAT = dwarf;
				ENABLE_STRICT_OBJC_MSGSEND = YES;
				ENABLE_TESTABILITY = YES;
				GCC_C_LANGUAGE_STANDARD = gnu11;
				GCC_DYNAMIC_NO_PIC = NO;
				GCC_NO_COMMON_BLOCKS = YES;
				GCC_OPTIMIZATION_LEVEL = 0;
				GCC_PREPROCESSOR_DEFINITIONS = (
					"DEBUG=1",
					"$(inherited)",
				);
				GCC_WARN_64_TO_32_BIT_CONVERSION = YES;
				GCC_WARN_ABOUT_RETURN_TYPE = YES_ERROR;
				GCC_WARN_UNDECLARED_SELECTOR = YES;
				GCC_WARN_UNINITIALIZED_AUTOS = YES_AGGRESSIVE;
				GCC_WARN_UNUSED_FUNCTION = YES;
				GCC_WARN_UNUSED_VARIABLE = YES;
				IPHONEOS_DEPLOYMENT_TARGET = 13.5;
				MTL_ENABLE_DEBUG_INFO = INCLUDE_SOURCE;
				MTL_FAST_MATH = YES;
				ONLY_ACTIVE_ARCH = YES;
				SDKROOT = iphoneos;
				SWIFT_ACTIVE_COMPILATION_CONDITIONS = DEBUG;
				SWIFT_OPTIMIZATION_LEVEL = "-Onone";
			};
			name = Debug;
		};
		AEA206E024A287E800E212FF /* Release */ = {
			isa = XCBuildConfiguration;
			buildSettings = {
				ALWAYS_SEARCH_USER_PATHS = NO;
				CLANG_ANALYZER_NONNULL = YES;
				CLANG_ANALYZER_NUMBER_OBJECT_CONVERSION = YES_AGGRESSIVE;
				CLANG_CXX_LANGUAGE_STANDARD = "gnu++14";
				CLANG_CXX_LIBRARY = "libc++";
				CLANG_ENABLE_MODULES = YES;
				CLANG_ENABLE_OBJC_ARC = YES;
				CLANG_ENABLE_OBJC_WEAK = YES;
				CLANG_WARN_BLOCK_CAPTURE_AUTORELEASING = YES;
				CLANG_WARN_BOOL_CONVERSION = YES;
				CLANG_WARN_COMMA = YES;
				CLANG_WARN_CONSTANT_CONVERSION = YES;
				CLANG_WARN_DEPRECATED_OBJC_IMPLEMENTATIONS = YES;
				CLANG_WARN_DIRECT_OBJC_ISA_USAGE = YES_ERROR;
				CLANG_WARN_DOCUMENTATION_COMMENTS = YES;
				CLANG_WARN_EMPTY_BODY = YES;
				CLANG_WARN_ENUM_CONVERSION = YES;
				CLANG_WARN_INFINITE_RECURSION = YES;
				CLANG_WARN_INT_CONVERSION = YES;
				CLANG_WARN_NON_LITERAL_NULL_CONVERSION = YES;
				CLANG_WARN_OBJC_IMPLICIT_RETAIN_SELF = YES;
				CLANG_WARN_OBJC_LITERAL_CONVERSION = YES;
				CLANG_WARN_OBJC_ROOT_CLASS = YES_ERROR;
				CLANG_WARN_RANGE_LOOP_ANALYSIS = YES;
				CLANG_WARN_STRICT_PROTOTYPES = YES;
				CLANG_WARN_SUSPICIOUS_MOVE = YES;
				CLANG_WARN_UNGUARDED_AVAILABILITY = YES_AGGRESSIVE;
				CLANG_WARN_UNREACHABLE_CODE = YES;
				CLANG_WARN__DUPLICATE_METHOD_MATCH = YES;
				COPY_PHASE_STRIP = NO;
				DEBUG_INFORMATION_FORMAT = "dwarf-with-dsym";
				ENABLE_NS_ASSERTIONS = NO;
				ENABLE_STRICT_OBJC_MSGSEND = YES;
				GCC_C_LANGUAGE_STANDARD = gnu11;
				GCC_NO_COMMON_BLOCKS = YES;
				GCC_WARN_64_TO_32_BIT_CONVERSION = YES;
				GCC_WARN_ABOUT_RETURN_TYPE = YES_ERROR;
				GCC_WARN_UNDECLARED_SELECTOR = YES;
				GCC_WARN_UNINITIALIZED_AUTOS = YES_AGGRESSIVE;
				GCC_WARN_UNUSED_FUNCTION = YES;
				GCC_WARN_UNUSED_VARIABLE = YES;
				IPHONEOS_DEPLOYMENT_TARGET = 13.5;
				MTL_ENABLE_DEBUG_INFO = NO;
				MTL_FAST_MATH = YES;
				SDKROOT = iphoneos;
				SWIFT_COMPILATION_MODE = wholemodule;
				SWIFT_OPTIMIZATION_LEVEL = "-O";
				VALIDATE_PRODUCT = YES;
			};
			name = Release;
		};
		AEA206E224A287E800E212FF /* Debug */ = {
			isa = XCBuildConfiguration;
			buildSettings = {
				ASSETCATALOG_COMPILER_APPICON_NAME = AppIcon;
				CODE_SIGN_STYLE = Automatic;
				INFOPLIST_FILE = TheMemoryProject/Info.plist;
				LD_RUNPATH_SEARCH_PATHS = (
					"$(inherited)",
					"@executable_path/Frameworks",
				);
				PRODUCT_BUNDLE_IDENTIFIER = "n-a.StoryBoard-practice.TheMemoryProject";
				PRODUCT_NAME = "$(TARGET_NAME)";
				SWIFT_VERSION = 5.0;
				TARGETED_DEVICE_FAMILY = "1,2";
			};
			name = Debug;
		};
		AEA206E324A287E800E212FF /* Release */ = {
			isa = XCBuildConfiguration;
			buildSettings = {
				ASSETCATALOG_COMPILER_APPICON_NAME = AppIcon;
				CODE_SIGN_STYLE = Automatic;
				INFOPLIST_FILE = TheMemoryProject/Info.plist;
				LD_RUNPATH_SEARCH_PATHS = (
					"$(inherited)",
					"@executable_path/Frameworks",
				);
				PRODUCT_BUNDLE_IDENTIFIER = "n-a.StoryBoard-practice.TheMemoryProject";
				PRODUCT_NAME = "$(TARGET_NAME)";
				SWIFT_VERSION = 5.0;
				TARGETED_DEVICE_FAMILY = "1,2";
			};
			name = Release;
		};
/* End XCBuildConfiguration section */

/* Begin XCConfigurationList section */
		AEA206C524A287E500E212FF /* Build configuration list for PBXProject "TheMemoryProject" */ = {
			isa = XCConfigurationList;
			buildConfigurations = (
				AEA206DF24A287E800E212FF /* Debug */,
				AEA206E024A287E800E212FF /* Release */,
			);
			defaultConfigurationIsVisible = 0;
			defaultConfigurationName = Release;
		};
		AEA206E124A287E800E212FF /* Build configuration list for PBXNativeTarget "TheMemoryProject" */ = {
			isa = XCConfigurationList;
			buildConfigurations = (
				AEA206E224A287E800E212FF /* Debug */,
				AEA206E324A287E800E212FF /* Release */,
			);
			defaultConfigurationIsVisible = 0;
			defaultConfigurationName = Release;
		};
/* End XCConfigurationList section */

/* Begin XCVersionGroup section */
		AEA206D624A287E500E212FF /* TheMemoryProject.xcdatamodeld */ = {
			isa = XCVersionGroup;
			children = (
				AEA206D724A287E500E212FF /* TheMemoryProject.xcdatamodel */,
			);
			currentVersion = AEA206D724A287E500E212FF /* TheMemoryProject.xcdatamodel */;
			path = TheMemoryProject.xcdatamodeld;
			sourceTree = "<group>";
			versionGroupType = wrapper.xcdatamodel;
		};
/* End XCVersionGroup section */
	};
	rootObject = AEA206C224A287E500E212FF /* Project object */;
}
